
Microsoft Visual Studio Solution File, Format Version 12.00
# Visual Studio Version 17
VisualStudioVersion = 17.10.35027.167
MinimumVisualStudioVersion = 10.0.40219.1
Project("{2150E333-8FDC-42A3-9474-1A3956D46DE8}") = "Services", "Services", "{D0C73C00-F97B-47AA-9C81-640BDAB2B44A}"
EndProject
Project("{2150E333-8FDC-42A3-9474-1A3956D46DE8}") = "Catalog", "Catalog", "{E5161021-A404-4259-97D6-9EE53C2FAEE6}"
EndProject
Project("{9A19103F-16F7-4668-BE54-9A1E7A4F7556}") = "Catalog.API", "Services\Catalog\Catalog.API\Catalog.API.csproj", "{B2D65DB3-4D90-490F-BB4A-C83DAEB449AD}"
EndProject
Project("{2150E333-8FDC-42A3-9474-1A3956D46DE8}") = "Solution Items", "Solution Items", "{B1DB4012-6B58-48FA-8E27-2CDC71C16833}"
	ProjectSection(SolutionItems) = preProject
		not.md = not.md
	EndProjectSection
EndProject
Project("{2150E333-8FDC-42A3-9474-1A3956D46DE8}") = "BuildingBlocks", "BuildingBlocks", "{EBDA4938-A6AF-4862-BE91-C211FCC6D58F}"
EndProject
Project("{9A19103F-16F7-4668-BE54-9A1E7A4F7556}") = "BuildingBlocks", "BuildingBlocks\BuildingBlocks\BuildingBlocks.csproj", "{DF1DB4FF-267C-490F-B780-77A678C1728F}"
EndProject
Project("{E53339B2-1760-4266-BCC7-CA923CBCF16C}") = "docker-compose", "docker-compose.dcproj", "{EA78A012-54A0-426D-B358-543260E0D9A4}"
EndProject
Project("{2150E333-8FDC-42A3-9474-1A3956D46DE8}") = "Basket", "Basket", "{3FBBD1E1-82A7-4228-9F7D-3FC3FA384896}"
EndProject
Project("{9A19103F-16F7-4668-BE54-9A1E7A4F7556}") = "Basket.API", "Services\Basket\Basket.API\Basket.API.csproj", "{8C4D0316-6844-475C-A40E-20EC3BF3D570}"
EndProject
Project("{2150E333-8FDC-42A3-9474-1A3956D46DE8}") = "Discount", "Discount", "{42D8E09B-88D1-4FC9-96A6-ADAAFB7961ED}"
EndProject
Project("{9A19103F-16F7-4668-BE54-9A1E7A4F7556}") = "Discount.Grpc", "Services\Discount\Discount.Grpc\Discount.Grpc.csproj", "{FDC107E1-F28D-4F2E-8A39-A702B0063680}"
EndProject
Project("{2150E333-8FDC-42A3-9474-1A3956D46DE8}") = "Ordering", "Ordering", "{39608EE6-78B5-46C3-BC71-2EF9BCB435A7}"
EndProject
Project("{9A19103F-16F7-4668-BE54-9A1E7A4F7556}") = "Ordering.API", "Services\Ordering\Ordering.API\Ordering.API.csproj", "{6461B476-0E97-4E30-B60D-E29DE29D94C6}"
EndProject
Project("{9A19103F-16F7-4668-BE54-9A1E7A4F7556}") = "Ordering.Domain", "Services\Ordering\Ordering.Domain\Ordering.Domain.csproj", "{440BBCE2-5F5D-4952-ADF2-3B90C923FAB8}"
EndProject
Project("{9A19103F-16F7-4668-BE54-9A1E7A4F7556}") = "Ordering.Application", "Services\Ordering\Ordering.Application\Ordering.Application.csproj", "{3AD11596-85A4-465D-8A4B-064734063B1C}"
EndProject
Project("{9A19103F-16F7-4668-BE54-9A1E7A4F7556}") = "Ordering.Infrastructure", "Services\Ordering\Ordering.Infrastructure\Ordering.Infrastructure.csproj", "{21B3C3C6-235E-42AB-91B5-2617D72564DE}"
EndProject
Project("{FAE04EC0-301F-11D3-BF4B-00C04F79EFBC}") = "BuildingBlocks.Messaging", "BuildingBlocks\BuildingBlocks.Messaging\BuildingBlocks.Messaging.csproj", "{2DDECF87-DA05-48C8-9FDC-F3DBF03874EF}"
EndProject
Project("{2150E333-8FDC-42A3-9474-1A3956D46DE8}") = "ApiGateways", "ApiGateways", "{90404BF5-551E-421A-B8A9-60759D5CC0D6}"
EndProject
Project("{FAE04EC0-301F-11D3-BF4B-00C04F79EFBC}") = "YarpApiGateway", "ApiGateways\YarpApiGateway\YarpApiGateway.csproj", "{7A2F10C0-F322-4EC0-8893-AD1EE04B8AFE}"
EndProject
Project("{2150E333-8FDC-42A3-9474-1A3956D46DE8}") = "WebApps", "WebApps", "{31ADFFB4-B9F3-4BB8-A4FB-AFCF6A8900BD}"
EndProject
Project("{FAE04EC0-301F-11D3-BF4B-00C04F79EFBC}") = "Shopping.Web", "WebApps\Shopping.Web\Shopping.Web.csproj", "{3C2A0386-71BC-4849-8C75-170E29A947AA}"
EndProject
Global
	GlobalSection(SolutionConfigurationPlatforms) = preSolution
		Debug|Any CPU = Debug|Any CPU
		Release|Any CPU = Release|Any CPU
	EndGlobalSection
	GlobalSection(ProjectConfigurationPlatforms) = postSolution
		{B2D65DB3-4D90-490F-BB4A-C83DAEB449AD}.Debug|Any CPU.ActiveCfg = Debug|Any CPU
		{B2D65DB3-4D90-490F-BB4A-C83DAEB449AD}.Debug|Any CPU.Build.0 = Debug|Any CPU
		{B2D65DB3-4D90-490F-BB4A-C83DAEB449AD}.Release|Any CPU.ActiveCfg = Release|Any CPU
		{B2D65DB3-4D90-490F-BB4A-C83DAEB449AD}.Release|Any CPU.Build.0 = Release|Any CPU
		{DF1DB4FF-267C-490F-B780-77A678C1728F}.Debug|Any CPU.ActiveCfg = Debug|Any CPU
		{DF1DB4FF-267C-490F-B780-77A678C1728F}.Debug|Any CPU.Build.0 = Debug|Any CPU
		{DF1DB4FF-267C-490F-B780-77A678C1728F}.Release|Any CPU.ActiveCfg = Release|Any CPU
		{DF1DB4FF-267C-490F-B780-77A678C1728F}.Release|Any CPU.Build.0 = Release|Any CPU
		{EA78A012-54A0-426D-B358-543260E0D9A4}.Debug|Any CPU.ActiveCfg = Debug|Any CPU
		{EA78A012-54A0-426D-B358-543260E0D9A4}.Debug|Any CPU.Build.0 = Debug|Any CPU
		{EA78A012-54A0-426D-B358-543260E0D9A4}.Release|Any CPU.ActiveCfg = Release|Any CPU
		{EA78A012-54A0-426D-B358-543260E0D9A4}.Release|Any CPU.Build.0 = Release|Any CPU
		{8C4D0316-6844-475C-A40E-20EC3BF3D570}.Debug|Any CPU.ActiveCfg = Debug|Any CPU
		{8C4D0316-6844-475C-A40E-20EC3BF3D570}.Debug|Any CPU.Build.0 = Debug|Any CPU
		{8C4D0316-6844-475C-A40E-20EC3BF3D570}.Release|Any CPU.ActiveCfg = Release|Any CPU
		{8C4D0316-6844-475C-A40E-20EC3BF3D570}.Release|Any CPU.Build.0 = Release|Any CPU
		{FDC107E1-F28D-4F2E-8A39-A702B0063680}.Debug|Any CPU.ActiveCfg = Debug|Any CPU
		{FDC107E1-F28D-4F2E-8A39-A702B0063680}.Debug|Any CPU.Build.0 = Debug|Any CPU
		{FDC107E1-F28D-4F2E-8A39-A702B0063680}.Release|Any CPU.ActiveCfg = Release|Any CPU
		{FDC107E1-F28D-4F2E-8A39-A702B0063680}.Release|Any CPU.Build.0 = Release|Any CPU
		{6461B476-0E97-4E30-B60D-E29DE29D94C6}.Debug|Any CPU.ActiveCfg = Debug|Any CPU
		{6461B476-0E97-4E30-B60D-E29DE29D94C6}.Debug|Any CPU.Build.0 = Debug|Any CPU
		{6461B476-0E97-4E30-B60D-E29DE29D94C6}.Release|Any CPU.ActiveCfg = Release|Any CPU
		{6461B476-0E97-4E30-B60D-E29DE29D94C6}.Release|Any CPU.Build.0 = Release|Any CPU
		{440BBCE2-5F5D-4952-ADF2-3B90C923FAB8}.Debug|Any CPU.ActiveCfg = Debug|Any CPU
		{440BBCE2-5F5D-4952-ADF2-3B90C923FAB8}.Debug|Any CPU.Build.0 = Debug|Any CPU
		{440BBCE2-5F5D-4952-ADF2-3B90C923FAB8}.Release|Any CPU.ActiveCfg = Release|Any CPU
		{440BBCE2-5F5D-4952-ADF2-3B90C923FAB8}.Release|Any CPU.Build.0 = Release|Any CPU
		{3AD11596-85A4-465D-8A4B-064734063B1C}.Debug|Any CPU.ActiveCfg = Debug|Any CPU
		{3AD11596-85A4-465D-8A4B-064734063B1C}.Debug|Any CPU.Build.0 = Debug|Any CPU
		{3AD11596-85A4-465D-8A4B-064734063B1C}.Release|Any CPU.ActiveCfg = Release|Any CPU
		{3AD11596-85A4-465D-8A4B-064734063B1C}.Release|Any CPU.Build.0 = Release|Any CPU
		{21B3C3C6-235E-42AB-91B5-2617D72564DE}.Debug|Any CPU.ActiveCfg = Debug|Any CPU
		{21B3C3C6-235E-42AB-91B5-2617D72564DE}.Debug|Any CPU.Build.0 = Debug|Any CPU
		{21B3C3C6-235E-42AB-91B5-2617D72564DE}.Release|Any CPU.ActiveCfg = Release|Any CPU
		{21B3C3C6-235E-42AB-91B5-2617D72564DE}.Release|Any CPU.Build.0 = Release|Any CPU
		{2DDECF87-DA05-48C8-9FDC-F3DBF03874EF}.Debug|Any CPU.ActiveCfg = Debug|Any CPU
		{2DDECF87-DA05-48C8-9FDC-F3DBF03874EF}.Debug|Any CPU.Build.0 = Debug|Any CPU
		{2DDECF87-DA05-48C8-9FDC-F3DBF03874EF}.Release|Any CPU.ActiveCfg = Release|Any CPU
		{2DDECF87-DA05-48C8-9FDC-F3DBF03874EF}.Release|Any CPU.Build.0 = Release|Any CPU
		{7A2F10C0-F322-4EC0-8893-AD1EE04B8AFE}.Debug|Any CPU.ActiveCfg = Debug|Any CPU
		{7A2F10C0-F322-4EC0-8893-AD1EE04B8AFE}.Debug|Any CPU.Build.0 = Debug|Any CPU
		{7A2F10C0-F322-4EC0-8893-AD1EE04B8AFE}.Release|Any CPU.ActiveCfg = Release|Any CPU
		{7A2F10C0-F322-4EC0-8893-AD1EE04B8AFE}.Release|Any CPU.Build.0 = Release|Any CPU
		{3C2A0386-71BC-4849-8C75-170E29A947AA}.Debug|Any CPU.ActiveCfg = Debug|Any CPU
		{3C2A0386-71BC-4849-8C75-170E29A947AA}.Debug|Any CPU.Build.0 = Debug|Any CPU
		{3C2A0386-71BC-4849-8C75-170E29A947AA}.Release|Any CPU.ActiveCfg = Release|Any CPU
		{3C2A0386-71BC-4849-8C75-170E29A947AA}.Release|Any CPU.Build.0 = Release|Any CPU
	EndGlobalSection
	GlobalSection(SolutionProperties) = preSolution
		HideSolutionNode = FALSE
	EndGlobalSection
	GlobalSection(NestedProjects) = preSolution
		{E5161021-A404-4259-97D6-9EE53C2FAEE6} = {D0C73C00-F97B-47AA-9C81-640BDAB2B44A}
		{B2D65DB3-4D90-490F-BB4A-C83DAEB449AD} = {E5161021-A404-4259-97D6-9EE53C2FAEE6}
		{DF1DB4FF-267C-490F-B780-77A678C1728F} = {EBDA4938-A6AF-4862-BE91-C211FCC6D58F}
		{3FBBD1E1-82A7-4228-9F7D-3FC3FA384896} = {D0C73C00-F97B-47AA-9C81-640BDAB2B44A}
		{8C4D0316-6844-475C-A40E-20EC3BF3D570} = {3FBBD1E1-82A7-4228-9F7D-3FC3FA384896}
		{42D8E09B-88D1-4FC9-96A6-ADAAFB7961ED} = {D0C73C00-F97B-47AA-9C81-640BDAB2B44A}
		{FDC107E1-F28D-4F2E-8A39-A702B0063680} = {42D8E09B-88D1-4FC9-96A6-ADAAFB7961ED}
		{39608EE6-78B5-46C3-BC71-2EF9BCB435A7} = {D0C73C00-F97B-47AA-9C81-640BDAB2B44A}
		{6461B476-0E97-4E30-B60D-E29DE29D94C6} = {39608EE6-78B5-46C3-BC71-2EF9BCB435A7}
		{440BBCE2-5F5D-4952-ADF2-3B90C923FAB8} = {39608EE6-78B5-46C3-BC71-2EF9BCB435A7}
		{3AD11596-85A4-465D-8A4B-064734063B1C} = {39608EE6-78B5-46C3-BC71-2EF9BCB435A7}
		{21B3C3C6-235E-42AB-91B5-2617D72564DE} = {39608EE6-78B5-46C3-BC71-2EF9BCB435A7}
		{2DDECF87-DA05-48C8-9FDC-F3DBF03874EF} = {EBDA4938-A6AF-4862-BE91-C211FCC6D58F}
		{7A2F10C0-F322-4EC0-8893-AD1EE04B8AFE} = {90404BF5-551E-421A-B8A9-60759D5CC0D6}
		{3C2A0386-71BC-4849-8C75-170E29A947AA} = {31ADFFB4-B9F3-4BB8-A4FB-AFCF6A8900BD}
	EndGlobalSection
	GlobalSection(ExtensibilityGlobals) = postSolution
		SolutionGuid = {70738227-5C66-475A-A33B-F5D5BE1FB691}
	EndGlobalSection
EndGlobal
